// !$*UTF8*$!
{
	archiveVersion = 1;
	classes = {
	};
	objectVersion = 56;
	objects = {

/* Begin PBXBuildFile section */
		EB47484F2A26A163009618E6 /* AppDelegate.swift in Sources */ = {isa = PBXBuildFile; fileRef = EB47484E2A26A163009618E6 /* AppDelegate.swift */; };
		EB4748512A26A163009618E6 /* SceneDelegate.swift in Sources */ = {isa = PBXBuildFile; fileRef = EB4748502A26A163009618E6 /* SceneDelegate.swift */; };
		EB4748582A26A164009618E6 /* Assets.xcassets in Resources */ = {isa = PBXBuildFile; fileRef = EB4748572A26A164009618E6 /* Assets.xcassets */; };
		EB47485B2A26A164009618E6 /* LaunchScreen.storyboard in Resources */ = {isa = PBXBuildFile; fileRef = EB4748592A26A164009618E6 /* LaunchScreen.storyboard */; };
		EB47486F2A26A269009618E6 /* HomeViewController.swift in Sources */ = {isa = PBXBuildFile; fileRef = EB47486E2A26A269009618E6 /* HomeViewController.swift */; };
		EB4748712A26A296009618E6 /* TabBarViewController.swift in Sources */ = {isa = PBXBuildFile; fileRef = EB4748702A26A296009618E6 /* TabBarViewController.swift */; };
		EB4748732A26A9C7009618E6 /* SearchViewController.swift in Sources */ = {isa = PBXBuildFile; fileRef = EB4748722A26A9C7009618E6 /* SearchViewController.swift */; };
		EB4748752A26A9CF009618E6 /* AddViewController.swift in Sources */ = {isa = PBXBuildFile; fileRef = EB4748742A26A9CF009618E6 /* AddViewController.swift */; };
		EB4748782A26A9E1009618E6 /* BookmarksViewController.swift in Sources */ = {isa = PBXBuildFile; fileRef = EB4748772A26A9E1009618E6 /* BookmarksViewController.swift */; };
		EB47487A2A26A9E5009618E6 /* ProfileViewController.swift in Sources */ = {isa = PBXBuildFile; fileRef = EB4748792A26A9E5009618E6 /* ProfileViewController.swift */; };
		EB8B3A062A290CA300F64B55 /* Extensions.swift in Sources */ = {isa = PBXBuildFile; fileRef = EB8B3A052A290CA300F64B55 /* Extensions.swift */; };
		EB9F592B2A2EFD1C0080D9B9 /* PopularRecipeCollectionViewCell.swift in Sources */ = {isa = PBXBuildFile; fileRef = EB9F592A2A2EFD1C0080D9B9 /* PopularRecipeCollectionViewCell.swift */; };
		EB9F592D2A2F02F60080D9B9 /* Recipe.swift in Sources */ = {isa = PBXBuildFile; fileRef = EB9F592C2A2F02F60080D9B9 /* Recipe.swift */; };
		EB9F592F2A2F3EC70080D9B9 /* RecommendedRecipeCollectionViewCell.swift in Sources */ = {isa = PBXBuildFile; fileRef = EB9F592E2A2F3EC70080D9B9 /* RecommendedRecipeCollectionViewCell.swift */; };
		EBA164652A2A01F1007D9F11 /* CategoryCollectionViewCell.swift in Sources */ = {isa = PBXBuildFile; fileRef = EBA164642A2A01F1007D9F11 /* CategoryCollectionViewCell.swift */; };
		EBC7E5032A33E49F007630DE /* CategoryViewController.swift in Sources */ = {isa = PBXBuildFile; fileRef = EBC7E5022A33E49F007630DE /* CategoryViewController.swift */; };
		EBC7E5052A33E9E7007630DE /* CategoryHeaderCollectionReusableView.swift in Sources */ = {isa = PBXBuildFile; fileRef = EBC7E5042A33E9E7007630DE /* CategoryHeaderCollectionReusableView.swift */; };
		EBE1E4432A331F5F005EB3CA /* SearchCategoryCollectionViewCell.swift in Sources */ = {isa = PBXBuildFile; fileRef = EBE1E4422A331F5F005EB3CA /* SearchCategoryCollectionViewCell.swift */; };
		EBE1E4452A333EC3005EB3CA /* SearchResultViewController.swift in Sources */ = {isa = PBXBuildFile; fileRef = EBE1E4442A333EC3005EB3CA /* SearchResultViewController.swift */; };
		EBF41D062A28DAE60093F43A /* Category.swift in Sources */ = {isa = PBXBuildFile; fileRef = EBF41D052A28DAE60093F43A /* Category.swift */; };
		EBF41D082A28DBAD0093F43A /* APICaller.swift in Sources */ = {isa = PBXBuildFile; fileRef = EBF41D072A28DBAC0093F43A /* APICaller.swift */; };
		EBFBBB7C2A2E3E1300FEF482 /* HeaderCollectionReusableView.swift in Sources */ = {isa = PBXBuildFile; fileRef = EBFBBB7B2A2E3E1300FEF482 /* HeaderCollectionReusableView.swift */; };
/* End PBXBuildFile section */

/* Begin PBXFileReference section */
		EB47484B2A26A163009618E6 /* Recipe.app */ = {isa = PBXFileReference; explicitFileType = wrapper.application; includeInIndex = 0; path = Recipe.app; sourceTree = BUILT_PRODUCTS_DIR; };
		EB47484E2A26A163009618E6 /* AppDelegate.swift */ = {isa = PBXFileReference; lastKnownFileType = sourcecode.swift; path = AppDelegate.swift; sourceTree = "<group>"; };
		EB4748502A26A163009618E6 /* SceneDelegate.swift */ = {isa = PBXFileReference; lastKnownFileType = sourcecode.swift; path = SceneDelegate.swift; sourceTree = "<group>"; };
		EB4748572A26A164009618E6 /* Assets.xcassets */ = {isa = PBXFileReference; lastKnownFileType = folder.assetcatalog; path = Assets.xcassets; sourceTree = "<group>"; };
		EB47485A2A26A164009618E6 /* Base */ = {isa = PBXFileReference; lastKnownFileType = file.storyboard; name = Base; path = Base.lproj/LaunchScreen.storyboard; sourceTree = "<group>"; };
		EB47485C2A26A164009618E6 /* Info.plist */ = {isa = PBXFileReference; lastKnownFileType = text.plist.xml; path = Info.plist; sourceTree = "<group>"; };
		EB47486E2A26A269009618E6 /* HomeViewController.swift */ = {isa = PBXFileReference; lastKnownFileType = sourcecode.swift; path = HomeViewController.swift; sourceTree = "<group>"; };
		EB4748702A26A296009618E6 /* TabBarViewController.swift */ = {isa = PBXFileReference; lastKnownFileType = sourcecode.swift; path = TabBarViewController.swift; sourceTree = "<group>"; };
		EB4748722A26A9C7009618E6 /* SearchViewController.swift */ = {isa = PBXFileReference; lastKnownFileType = sourcecode.swift; path = SearchViewController.swift; sourceTree = "<group>"; };
		EB4748742A26A9CF009618E6 /* AddViewController.swift */ = {isa = PBXFileReference; lastKnownFileType = sourcecode.swift; path = AddViewController.swift; sourceTree = "<group>"; };
		EB4748772A26A9E1009618E6 /* BookmarksViewController.swift */ = {isa = PBXFileReference; lastKnownFileType = sourcecode.swift; path = BookmarksViewController.swift; sourceTree = "<group>"; };
		EB4748792A26A9E5009618E6 /* ProfileViewController.swift */ = {isa = PBXFileReference; lastKnownFileType = sourcecode.swift; path = ProfileViewController.swift; sourceTree = "<group>"; };
		EB8B3A052A290CA300F64B55 /* Extensions.swift */ = {isa = PBXFileReference; lastKnownFileType = sourcecode.swift; path = Extensions.swift; sourceTree = "<group>"; };
		EB9F592A2A2EFD1C0080D9B9 /* PopularRecipeCollectionViewCell.swift */ = {isa = PBXFileReference; lastKnownFileType = sourcecode.swift; path = PopularRecipeCollectionViewCell.swift; sourceTree = "<group>"; };
		EB9F592C2A2F02F60080D9B9 /* Recipe.swift */ = {isa = PBXFileReference; lastKnownFileType = sourcecode.swift; path = Recipe.swift; sourceTree = "<group>"; };
		EB9F592E2A2F3EC70080D9B9 /* RecommendedRecipeCollectionViewCell.swift */ = {isa = PBXFileReference; lastKnownFileType = sourcecode.swift; path = RecommendedRecipeCollectionViewCell.swift; sourceTree = "<group>"; };
		EBA164642A2A01F1007D9F11 /* CategoryCollectionViewCell.swift */ = {isa = PBXFileReference; lastKnownFileType = sourcecode.swift; path = CategoryCollectionViewCell.swift; sourceTree = "<group>"; };
		EBC7E5022A33E49F007630DE /* CategoryViewController.swift */ = {isa = PBXFileReference; lastKnownFileType = sourcecode.swift; path = CategoryViewController.swift; sourceTree = "<group>"; };
		EBC7E5042A33E9E7007630DE /* CategoryHeaderCollectionReusableView.swift */ = {isa = PBXFileReference; lastKnownFileType = sourcecode.swift; path = CategoryHeaderCollectionReusableView.swift; sourceTree = "<group>"; };
		EBE1E4422A331F5F005EB3CA /* SearchCategoryCollectionViewCell.swift */ = {isa = PBXFileReference; lastKnownFileType = sourcecode.swift; path = SearchCategoryCollectionViewCell.swift; sourceTree = "<group>"; };
		EBE1E4442A333EC3005EB3CA /* SearchResultViewController.swift */ = {isa = PBXFileReference; lastKnownFileType = sourcecode.swift; path = SearchResultViewController.swift; sourceTree = "<group>"; };
		EBF41D052A28DAE60093F43A /* Category.swift */ = {isa = PBXFileReference; lastKnownFileType = sourcecode.swift; path = Category.swift; sourceTree = "<group>"; };
		EBF41D072A28DBAC0093F43A /* APICaller.swift */ = {isa = PBXFileReference; lastKnownFileType = sourcecode.swift; path = APICaller.swift; sourceTree = "<group>"; };
		EBFBBB7B2A2E3E1300FEF482 /* HeaderCollectionReusableView.swift */ = {isa = PBXFileReference; lastKnownFileType = sourcecode.swift; path = HeaderCollectionReusableView.swift; sourceTree = "<group>"; };
/* End PBXFileReference section */

/* Begin PBXFrameworksBuildPhase section */
		EB4748482A26A163009618E6 /* Frameworks */ = {
			isa = PBXFrameworksBuildPhase;
			buildActionMask = 2147483647;
			files = (
			);
			runOnlyForDeploymentPostprocessing = 0;
		};
/* End PBXFrameworksBuildPhase section */

/* Begin PBXGroup section */
		EB4748422A26A163009618E6 = {
			isa = PBXGroup;
			children = (
				EB47484D2A26A163009618E6 /* Recipe */,
				EB47484C2A26A163009618E6 /* Products */,
			);
			sourceTree = "<group>";
		};
		EB47484C2A26A163009618E6 /* Products */ = {
			isa = PBXGroup;
			children = (
				EB47484B2A26A163009618E6 /* Recipe.app */,
			);
			name = Products;
			sourceTree = "<group>";
		};
		EB47484D2A26A163009618E6 /* Recipe */ = {
			isa = PBXGroup;
			children = (
				EB4748672A26A19B009618E6 /* Controller */,
				EB4748662A26A194009618E6 /* ResponseModel */,
				EB4748632A26A184009618E6 /* Model */,
				EB4748622A26A17D009618E6 /* View */,
				EB4748682A26A1A0009618E6 /* Managers */,
				EB4748692A26A1A8009618E6 /* Resources */,
				EB47485C2A26A164009618E6 /* Info.plist */,
			);
			path = Recipe;
			sourceTree = "<group>";
		};
		EB4748622A26A17D009618E6 /* View */ = {
			isa = PBXGroup;
			children = (
				EB4748592A26A164009618E6 /* LaunchScreen.storyboard */,
				EBA164642A2A01F1007D9F11 /* CategoryCollectionViewCell.swift */,
				EBFBBB7B2A2E3E1300FEF482 /* HeaderCollectionReusableView.swift */,
				EB9F592A2A2EFD1C0080D9B9 /* PopularRecipeCollectionViewCell.swift */,
				EB9F592E2A2F3EC70080D9B9 /* RecommendedRecipeCollectionViewCell.swift */,
				EBE1E4422A331F5F005EB3CA /* SearchCategoryCollectionViewCell.swift */,
				EBC7E5042A33E9E7007630DE /* CategoryHeaderCollectionReusableView.swift */,
			);
			path = View;
			sourceTree = "<group>";
		};
		EB4748632A26A184009618E6 /* Model */ = {
			isa = PBXGroup;
			children = (
				EBF41D052A28DAE60093F43A /* Category.swift */,
				EB9F592C2A2F02F60080D9B9 /* Recipe.swift */,
			);
			path = Model;
			sourceTree = "<group>";
		};
		EB4748662A26A194009618E6 /* ResponseModel */ = {
			isa = PBXGroup;
			children = (
			);
			path = ResponseModel;
			sourceTree = "<group>";
		};
		EB4748672A26A19B009618E6 /* Controller */ = {
			isa = PBXGroup;
			children = (
				EB47486B2A26A24B009618E6 /* Other */,
				EB47486A2A26A247009618E6 /* Core */,
			);
			path = Controller;
			sourceTree = "<group>";
		};
		EB4748682A26A1A0009618E6 /* Managers */ = {
			isa = PBXGroup;
			children = (
				EBF41D072A28DBAC0093F43A /* APICaller.swift */,
			);
			path = Managers;
			sourceTree = "<group>";
		};
		EB4748692A26A1A8009618E6 /* Resources */ = {
			isa = PBXGroup;
			children = (
				EB47484E2A26A163009618E6 /* AppDelegate.swift */,
				EB4748502A26A163009618E6 /* SceneDelegate.swift */,
				EB4748572A26A164009618E6 /* Assets.xcassets */,
				EB8B3A052A290CA300F64B55 /* Extensions.swift */,
			);
			path = Resources;
			sourceTree = "<group>";
		};
		EB47486A2A26A247009618E6 /* Core */ = {
			isa = PBXGroup;
			children = (
				EB4748702A26A296009618E6 /* TabBarViewController.swift */,
				EB47486E2A26A269009618E6 /* HomeViewController.swift */,
				EB4748722A26A9C7009618E6 /* SearchViewController.swift */,
				EB4748742A26A9CF009618E6 /* AddViewController.swift */,
				EB4748772A26A9E1009618E6 /* BookmarksViewController.swift */,
				EB4748792A26A9E5009618E6 /* ProfileViewController.swift */,
			);
			path = Core;
			sourceTree = "<group>";
		};
		EB47486B2A26A24B009618E6 /* Other */ = {
			isa = PBXGroup;
			children = (
				EBE1E4442A333EC3005EB3CA /* SearchResultViewController.swift */,
				EBC7E5022A33E49F007630DE /* CategoryViewController.swift */,
			);
			path = Other;
			sourceTree = "<group>";
		};
/* End PBXGroup section */

/* Begin PBXNativeTarget section */
		EB47484A2A26A163009618E6 /* Recipe */ = {
			isa = PBXNativeTarget;
			buildConfigurationList = EB47485F2A26A164009618E6 /* Build configuration list for PBXNativeTarget "Recipe" */;
			buildPhases = (
				EB4748472A26A163009618E6 /* Sources */,
				EB4748482A26A163009618E6 /* Frameworks */,
				EB4748492A26A163009618E6 /* Resources */,
			);
			buildRules = (
			);
			dependencies = (
			);
			name = Recipe;
			productName = Recipe;
			productReference = EB47484B2A26A163009618E6 /* Recipe.app */;
			productType = "com.apple.product-type.application";
		};
/* End PBXNativeTarget section */

/* Begin PBXProject section */
		EB4748432A26A163009618E6 /* Project object */ = {
			isa = PBXProject;
			attributes = {
				BuildIndependentTargetsInParallel = 1;
				LastSwiftUpdateCheck = 1430;
				LastUpgradeCheck = 1430;
				TargetAttributes = {
					EB47484A2A26A163009618E6 = {
						CreatedOnToolsVersion = 14.3;
					};
				};
			};
			buildConfigurationList = EB4748462A26A163009618E6 /* Build configuration list for PBXProject "Recipe" */;
			compatibilityVersion = "Xcode 14.0";
			developmentRegion = en;
			hasScannedForEncodings = 0;
			knownRegions = (
				en,
				Base,
			);
			mainGroup = EB4748422A26A163009618E6;
			productRefGroup = EB47484C2A26A163009618E6 /* Products */;
			projectDirPath = "";
			projectRoot = "";
			targets = (
				EB47484A2A26A163009618E6 /* Recipe */,
			);
		};
/* End PBXProject section */

/* Begin PBXResourcesBuildPhase section */
		EB4748492A26A163009618E6 /* Resources */ = {
			isa = PBXResourcesBuildPhase;
			buildActionMask = 2147483647;
			files = (
				EB47485B2A26A164009618E6 /* LaunchScreen.storyboard in Resources */,
				EB4748582A26A164009618E6 /* Assets.xcassets in Resources */,
			);
			runOnlyForDeploymentPostprocessing = 0;
		};
/* End PBXResourcesBuildPhase section */

/* Begin PBXSourcesBuildPhase section */
		EB4748472A26A163009618E6 /* Sources */ = {
			isa = PBXSourcesBuildPhase;
			buildActionMask = 2147483647;
			files = (
				EB4748782A26A9E1009618E6 /* BookmarksViewController.swift in Sources */,
				EB4748732A26A9C7009618E6 /* SearchViewController.swift in Sources */,
				EBC7E5052A33E9E7007630DE /* CategoryHeaderCollectionReusableView.swift in Sources */,
				EB9F592B2A2EFD1C0080D9B9 /* PopularRecipeCollectionViewCell.swift in Sources */,
				EBC7E5032A33E49F007630DE /* CategoryViewController.swift in Sources */,
				EB4748712A26A296009618E6 /* TabBarViewController.swift in Sources */,
				EBF41D082A28DBAD0093F43A /* APICaller.swift in Sources */,
				EBA164652A2A01F1007D9F11 /* CategoryCollectionViewCell.swift in Sources */,
				EB9F592F2A2F3EC70080D9B9 /* RecommendedRecipeCollectionViewCell.swift in Sources */,
				EBFBBB7C2A2E3E1300FEF482 /* HeaderCollectionReusableView.swift in Sources */,
				EB4748752A26A9CF009618E6 /* AddViewController.swift in Sources */,
				EB47484F2A26A163009618E6 /* AppDelegate.swift in Sources */,
				EBE1E4452A333EC3005EB3CA /* SearchResultViewController.swift in Sources */,
				EB9F592D2A2F02F60080D9B9 /* Recipe.swift in Sources */,
				EBF41D062A28DAE60093F43A /* Category.swift in Sources */,
				EB4748512A26A163009618E6 /* SceneDelegate.swift in Sources */,
				EB47487A2A26A9E5009618E6 /* ProfileViewController.swift in Sources */,
				EBE1E4432A331F5F005EB3CA /* SearchCategoryCollectionViewCell.swift in Sources */,
				EB8B3A062A290CA300F64B55 /* Extensions.swift in Sources */,
				EB47486F2A26A269009618E6 /* HomeViewController.swift in Sources */,
			);
			runOnlyForDeploymentPostprocessing = 0;
		};
/* End PBXSourcesBuildPhase section */

/* Begin PBXVariantGroup section */
		EB4748592A26A164009618E6 /* LaunchScreen.storyboard */ = {
			isa = PBXVariantGroup;
			children = (
				EB47485A2A26A164009618E6 /* Base */,
			);
			name = LaunchScreen.storyboard;
			sourceTree = "<group>";
		};
/* End PBXVariantGroup section */

/* Begin XCBuildConfiguration section */
		EB47485D2A26A164009618E6 /* Debug */ = {
			isa = XCBuildConfiguration;
			buildSettings = {
				ALWAYS_SEARCH_USER_PATHS = NO;
				CLANG_ANALYZER_NONNULL = YES;
				CLANG_ANALYZER_NUMBER_OBJECT_CONVERSION = YES_AGGRESSIVE;
				CLANG_CXX_LANGUAGE_STANDARD = "gnu++20";
				CLANG_ENABLE_MODULES = YES;
				CLANG_ENABLE_OBJC_ARC = YES;
				CLANG_ENABLE_OBJC_WEAK = YES;
				CLANG_WARN_BLOCK_CAPTURE_AUTORELEASING = YES;
				CLANG_WARN_BOOL_CONVERSION = YES;
				CLANG_WARN_COMMA = YES;
				CLANG_WARN_CONSTANT_CONVERSION = YES;
				CLANG_WARN_DEPRECATED_OBJC_IMPLEMENTATIONS = YES;
				CLANG_WARN_DIRECT_OBJC_ISA_USAGE = YES_ERROR;
				CLANG_WARN_DOCUMENTATION_COMMENTS = YES;
				CLANG_WARN_EMPTY_BODY = YES;
				CLANG_WARN_ENUM_CONVERSION = YES;
				CLANG_WARN_INFINITE_RECURSION = YES;
				CLANG_WARN_INT_CONVERSION = YES;
				CLANG_WARN_NON_LITERAL_NULL_CONVERSION = YES;
				CLANG_WARN_OBJC_IMPLICIT_RETAIN_SELF = YES;
				CLANG_WARN_OBJC_LITERAL_CONVERSION = YES;
				CLANG_WARN_OBJC_ROOT_CLASS = YES_ERROR;
				CLANG_WARN_QUOTED_INCLUDE_IN_FRAMEWORK_HEADER = YES;
				CLANG_WARN_RANGE_LOOP_ANALYSIS = YES;
				CLANG_WARN_STRICT_PROTOTYPES = YES;
				CLANG_WARN_SUSPICIOUS_MOVE = YES;
				CLANG_WARN_UNGUARDED_AVAILABILITY = YES_AGGRESSIVE;
				CLANG_WARN_UNREACHABLE_CODE = YES;
				CLANG_WARN__DUPLICATE_METHOD_MATCH = YES;
				COPY_PHASE_STRIP = NO;
				DEBUG_INFORMATION_FORMAT = dwarf;
				ENABLE_STRICT_OBJC_MSGSEND = YES;
				ENABLE_TESTABILITY = YES;
				GCC_C_LANGUAGE_STANDARD = gnu11;
				GCC_DYNAMIC_NO_PIC = NO;
				GCC_NO_COMMON_BLOCKS = YES;
				GCC_OPTIMIZATION_LEVEL = 0;
				GCC_PREPROCESSOR_DEFINITIONS = (
					"DEBUG=1",
					"$(inherited)",
				);
				GCC_WARN_64_TO_32_BIT_CONVERSION = YES;
				GCC_WARN_ABOUT_RETURN_TYPE = YES_ERROR;
				GCC_WARN_UNDECLARED_SELECTOR = YES;
				GCC_WARN_UNINITIALIZED_AUTOS = YES_AGGRESSIVE;
				GCC_WARN_UNUSED_FUNCTION = YES;
				GCC_WARN_UNUSED_VARIABLE = YES;
				IPHONEOS_DEPLOYMENT_TARGET = 16.4;
				MTL_ENABLE_DEBUG_INFO = INCLUDE_SOURCE;
				MTL_FAST_MATH = YES;
				ONLY_ACTIVE_ARCH = YES;
				SDKROOT = iphoneos;
				SWIFT_ACTIVE_COMPILATION_CONDITIONS = DEBUG;
				SWIFT_OPTIMIZATION_LEVEL = "-Onone";
			};
			name = Debug;
		};
		EB47485E2A26A164009618E6 /* Release */ = {
			isa = XCBuildConfiguration;
			buildSettings = {
				ALWAYS_SEARCH_USER_PATHS = NO;
				CLANG_ANALYZER_NONNULL = YES;
				CLANG_ANALYZER_NUMBER_OBJECT_CONVERSION = YES_AGGRESSIVE;
				CLANG_CXX_LANGUAGE_STANDARD = "gnu++20";
				CLANG_ENABLE_MODULES = YES;
				CLANG_ENABLE_OBJC_ARC = YES;
				CLANG_ENABLE_OBJC_WEAK = YES;
				CLANG_WARN_BLOCK_CAPTURE_AUTORELEASING = YES;
				CLANG_WARN_BOOL_CONVERSION = YES;
				CLANG_WARN_COMMA = YES;
				CLANG_WARN_CONSTANT_CONVERSION = YES;
				CLANG_WARN_DEPRECATED_OBJC_IMPLEMENTATIONS = YES;
				CLANG_WARN_DIRECT_OBJC_ISA_USAGE = YES_ERROR;
				CLANG_WARN_DOCUMENTATION_COMMENTS = YES;
				CLANG_WARN_EMPTY_BODY = YES;
				CLANG_WARN_ENUM_CONVERSION = YES;
				CLANG_WARN_INFINITE_RECURSION = YES;
				CLANG_WARN_INT_CONVERSION = YES;
				CLANG_WARN_NON_LITERAL_NULL_CONVERSION = YES;
				CLANG_WARN_OBJC_IMPLICIT_RETAIN_SELF = YES;
				CLANG_WARN_OBJC_LITERAL_CONVERSION = YES;
				CLANG_WARN_OBJC_ROOT_CLASS = YES_ERROR;
				CLANG_WARN_QUOTED_INCLUDE_IN_FRAMEWORK_HEADER = YES;
				CLANG_WARN_RANGE_LOOP_ANALYSIS = YES;
				CLANG_WARN_STRICT_PROTOTYPES = YES;
				CLANG_WARN_SUSPICIOUS_MOVE = YES;
				CLANG_WARN_UNGUARDED_AVAILABILITY = YES_AGGRESSIVE;
				CLANG_WARN_UNREACHABLE_CODE = YES;
				CLANG_WARN__DUPLICATE_METHOD_MATCH = YES;
				COPY_PHASE_STRIP = NO;
				DEBUG_INFORMATION_FORMAT = "dwarf-with-dsym";
				ENABLE_NS_ASSERTIONS = NO;
				ENABLE_STRICT_OBJC_MSGSEND = YES;
				GCC_C_LANGUAGE_STANDARD = gnu11;
				GCC_NO_COMMON_BLOCKS = YES;
				GCC_WARN_64_TO_32_BIT_CONVERSION = YES;
				GCC_WARN_ABOUT_RETURN_TYPE = YES_ERROR;
				GCC_WARN_UNDECLARED_SELECTOR = YES;
				GCC_WARN_UNINITIALIZED_AUTOS = YES_AGGRESSIVE;
				GCC_WARN_UNUSED_FUNCTION = YES;
				GCC_WARN_UNUSED_VARIABLE = YES;
				IPHONEOS_DEPLOYMENT_TARGET = 16.4;
				MTL_ENABLE_DEBUG_INFO = NO;
				MTL_FAST_MATH = YES;
				SDKROOT = iphoneos;
				SWIFT_COMPILATION_MODE = wholemodule;
				SWIFT_OPTIMIZATION_LEVEL = "-O";
				VALIDATE_PRODUCT = YES;
			};
			name = Release;
		};
		EB4748602A26A164009618E6 /* Debug */ = {
			isa = XCBuildConfiguration;
			buildSettings = {
				ASSETCATALOG_COMPILER_APPICON_NAME = AppIcon;
				ASSETCATALOG_COMPILER_GLOBAL_ACCENT_COLOR_NAME = AccentColor;
				CODE_SIGN_IDENTITY = "Apple Development";
				CODE_SIGN_STYLE = Automatic;
				CURRENT_PROJECT_VERSION = 1;
				DEVELOPMENT_TEAM = J2X5A4Y973;
				GENERATE_INFOPLIST_FILE = YES;
				INFOPLIST_FILE = Recipe/Info.plist;
				INFOPLIST_KEY_UIApplicationSupportsIndirectInputEvents = YES;
				INFOPLIST_KEY_UILaunchStoryboardName = LaunchScreen.storyboard;
				INFOPLIST_KEY_UIRequiresFullScreen = YES;
				INFOPLIST_KEY_UISupportedInterfaceOrientations = UIInterfaceOrientationPortrait;
				LD_RUNPATH_SEARCH_PATHS = (
					"$(inherited)",
					"@executable_path/Frameworks",
				);
				MARKETING_VERSION = 1.0;
				PRODUCT_BUNDLE_IDENTIFIER = TestCompany.Recipe;
				PRODUCT_NAME = "$(TARGET_NAME)";
				PROVISIONING_PROFILE_SPECIFIER = "";
				SWIFT_EMIT_LOC_STRINGS = YES;
				SWIFT_VERSION = 5.0;
				TARGETED_DEVICE_FAMILY = "1,2";
			};
			name = Debug;
		};
		EB4748612A26A164009618E6 /* Release */ = {
			isa = XCBuildConfiguration;
			buildSettings = {
				ASSETCATALOG_COMPILER_APPICON_NAME = AppIcon;
				ASSETCATALOG_COMPILER_GLOBAL_ACCENT_COLOR_NAME = AccentColor;
				CODE_SIGN_IDENTITY = "Apple Development";
				CODE_SIGN_STYLE = Automatic;
				CURRENT_PROJECT_VERSION = 1;
				DEVELOPMENT_TEAM = J2X5A4Y973;
				GENERATE_INFOPLIST_FILE = YES;
				INFOPLIST_FILE = Recipe/Info.plist;
				INFOPLIST_KEY_UIApplicationSupportsIndirectInputEvents = YES;
				INFOPLIST_KEY_UILaunchStoryboardName = LaunchScreen.storyboard;
				INFOPLIST_KEY_UIRequiresFullScreen = YES;
				INFOPLIST_KEY_UISupportedInterfaceOrientations = UIInterfaceOrientationPortrait;
				LD_RUNPATH_SEARCH_PATHS = (
					"$(inherited)",
					"@executable_path/Frameworks",
				);
				MARKETING_VERSION = 1.0;
				PRODUCT_BUNDLE_IDENTIFIER = TestCompany.Recipe;
				PRODUCT_NAME = "$(TARGET_NAME)";
				PROVISIONING_PROFILE_SPECIFIER = "";
				SWIFT_EMIT_LOC_STRINGS = YES;
				SWIFT_VERSION = 5.0;
				TARGETED_DEVICE_FAMILY = "1,2";
			};
			name = Release;
		};
/* End XCBuildConfiguration section */

/* Begin XCConfigurationList section */
		EB4748462A26A163009618E6 /* Build configuration list for PBXProject "Recipe" */ = {
			isa = XCConfigurationList;
			buildConfigurations = (
				EB47485D2A26A164009618E6 /* Debug */,
				EB47485E2A26A164009618E6 /* Release */,
			);
			defaultConfigurationIsVisible = 0;
			defaultConfigurationName = Release;
		};
		EB47485F2A26A164009618E6 /* Build configuration list for PBXNativeTarget "Recipe" */ = {
			isa = XCConfigurationList;
			buildConfigurations = (
				EB4748602A26A164009618E6 /* Debug */,
				EB4748612A26A164009618E6 /* Release */,
			);
			defaultConfigurationIsVisible = 0;
			defaultConfigurationName = Release;
		};
/* End XCConfigurationList section */
	};
	rootObject = EB4748432A26A163009618E6 /* Project object */;
}
